
Microsoft Visual Studio Solution File, Format Version 12.00
# Visual Studio Version 16
VisualStudioVersion = 16.0.31729.503
MinimumVisualStudioVersion = 10.0.40219.1
Project("{FAE04EC0-301F-11D3-BF4B-00C04F79EFBC}") = "ObserverPatternSoln", "ObserverPatternSoln.csproj", "{0DC06FF5-1900-4CED-AD88-5B0FB5BB68DA}"
EndProject
Project("{FAE04EC0-301F-11D3-BF4B-00C04F79EFBC}") = "PublisherLib", "..\PublisherLib\PublisherLib.csproj", "{5815F617-61CB-469B-BF70-DD2FA880C3D4}"
EndProject
Project("{FAE04EC0-301F-11D3-BF4B-00C04F79EFBC}") = "SubscriberClient", "..\SubscriberClient\SubscriberClient.csproj", "{E1875FE1-2F93-4D60-AF72-3DC81DC1D7E6}"
EndProject
Global
	GlobalSection(SolutionConfigurationPlatforms) = preSolution
		Debug|Any CPU = Debug|Any CPU
		Release|Any CPU = Release|Any CPU
	EndGlobalSection
	GlobalSection(ProjectConfigurationPlatforms) = postSolution
		{0DC06FF5-1900-4CED-AD88-5B0FB5BB68DA}.Debug|Any CPU.ActiveCfg = Debug|Any CPU
		{0DC06FF5-1900-4CED-AD88-5B0FB5BB68DA}.Debug|Any CPU.Build.0 = Debug|Any CPU
		{0DC06FF5-1900-4CED-AD88-5B0FB5BB68DA}.Release|Any CPU.ActiveCfg = Release|Any CPU
		{0DC06FF5-1900-4CED-AD88-5B0FB5BB68DA}.Release|Any CPU.Build.0 = Release|Any CPU
		{5815F617-61CB-469B-BF70-DD2FA880C3D4}.Debug|Any CPU.ActiveCfg = Debug|Any CPU
		{5815F617-61CB-469B-BF70-DD2FA880C3D4}.Debug|Any CPU.Build.0 = Debug|Any CPU
		{5815F617-61CB-469B-BF70-DD2FA880C3D4}.Release|Any CPU.ActiveCfg = Release|Any CPU
		{5815F617-61CB-469B-BF70-DD2FA880C3D4}.Release|Any CPU.Build.0 = Release|Any CPU
		{E1875FE1-2F93-4D60-AF72-3DC81DC1D7E6}.Debug|Any CPU.ActiveCfg = Debug|Any CPU
		{E1875FE1-2F93-4D60-AF72-3DC81DC1D7E6}.Debug|Any CPU.Build.0 = Debug|Any CPU
		{E1875FE1-2F93-4D60-AF72-3DC81DC1D7E6}.Release|Any CPU.ActiveCfg = Release|Any CPU
		{E1875FE1-2F93-4D60-AF72-3DC81DC1D7E6}.Release|Any CPU.Build.0 = Release|Any CPU
	EndGlobalSection
	GlobalSection(SolutionProperties) = preSolution
		HideSolutionNode = FALSE
	EndGlobalSection
	GlobalSection(ExtensibilityGlobals) = postSolution
		SolutionGuid = {E38DDB6D-3BD3-466D-AF5E-44678AB66444}
	EndGlobalSection
EndGlobal
