
Microsoft Visual Studio Solution File, Format Version 12.00
# Visual Studio Version 16
VisualStudioVersion = 16.0.31729.503
MinimumVisualStudioVersion = 10.0.40219.1
Project("{FAE04EC0-301F-11D3-BF4B-00C04F79EFBC}") = "PolymorphismPOC", "PolymorphismPOC\PolymorphismPOC.csproj", "{BD7357FE-B011-424C-A9D4-3191EB28623D}"
EndProject
Global
	GlobalSection(SolutionConfigurationPlatforms) = preSolution
		Debug|Any CPU = Debug|Any CPU
		Release|Any CPU = Release|Any CPU
	EndGlobalSection
	GlobalSection(ProjectConfigurationPlatforms) = postSolution
		{BD7357FE-B011-424C-A9D4-3191EB28623D}.Debug|Any CPU.ActiveCfg = Debug|Any CPU
		{BD7357FE-B011-424C-A9D4-3191EB28623D}.Debug|Any CPU.Build.0 = Debug|Any CPU
		{BD7357FE-B011-424C-A9D4-3191EB28623D}.Release|Any CPU.ActiveCfg = Release|Any CPU
		{BD7357FE-B011-424C-A9D4-3191EB28623D}.Release|Any CPU.Build.0 = Release|Any CPU
	EndGlobalSection
	GlobalSection(SolutionProperties) = preSolution
		HideSolutionNode = FALSE
	EndGlobalSection
	GlobalSection(ExtensibilityGlobals) = postSolution
		SolutionGuid = {561549F4-0450-417B-A095-BEE4B7BAC964}
	EndGlobalSection
EndGlobal
