
Microsoft Visual Studio Solution File, Format Version 12.00
# Visual Studio Version 16
VisualStudioVersion = 16.0.31729.503
MinimumVisualStudioVersion = 10.0.40219.1
Project("{FAE04EC0-301F-11D3-BF4B-00C04F79EFBC}") = "SingletonPatternApp", "SingletonPatternApp\SingletonPatternApp.csproj", "{A3FD079C-A5E4-41D8-BB19-5166CDB80F3F}"
EndProject
Global
	GlobalSection(SolutionConfigurationPlatforms) = preSolution
		Debug|Any CPU = Debug|Any CPU
		Release|Any CPU = Release|Any CPU
	EndGlobalSection
	GlobalSection(ProjectConfigurationPlatforms) = postSolution
		{A3FD079C-A5E4-41D8-BB19-5166CDB80F3F}.Debug|Any CPU.ActiveCfg = Debug|Any CPU
		{A3FD079C-A5E4-41D8-BB19-5166CDB80F3F}.Debug|Any CPU.Build.0 = Debug|Any CPU
		{A3FD079C-A5E4-41D8-BB19-5166CDB80F3F}.Release|Any CPU.ActiveCfg = Release|Any CPU
		{A3FD079C-A5E4-41D8-BB19-5166CDB80F3F}.Release|Any CPU.Build.0 = Release|Any CPU
	EndGlobalSection
	GlobalSection(SolutionProperties) = preSolution
		HideSolutionNode = FALSE
	EndGlobalSection
	GlobalSection(ExtensibilityGlobals) = postSolution
		SolutionGuid = {954BC5AE-2A41-42C6-82B5-FA63C171E51E}
	EndGlobalSection
EndGlobal
