
Microsoft Visual Studio Solution File, Format Version 12.00
# Visual Studio Version 16
VisualStudioVersion = 16.0.31729.503
MinimumVisualStudioVersion = 10.0.40219.1
Project("{FAE04EC0-301F-11D3-BF4B-00C04F79EFBC}") = "InheritanceConstructorApp2", "InheritanceConstructorApp2\InheritanceConstructorApp2.csproj", "{F1B172C2-2B10-44B7-B742-37541DC4E7FC}"
EndProject
Global
	GlobalSection(SolutionConfigurationPlatforms) = preSolution
		Debug|Any CPU = Debug|Any CPU
		Release|Any CPU = Release|Any CPU
	EndGlobalSection
	GlobalSection(ProjectConfigurationPlatforms) = postSolution
		{F1B172C2-2B10-44B7-B742-37541DC4E7FC}.Debug|Any CPU.ActiveCfg = Debug|Any CPU
		{F1B172C2-2B10-44B7-B742-37541DC4E7FC}.Debug|Any CPU.Build.0 = Debug|Any CPU
		{F1B172C2-2B10-44B7-B742-37541DC4E7FC}.Release|Any CPU.ActiveCfg = Release|Any CPU
		{F1B172C2-2B10-44B7-B742-37541DC4E7FC}.Release|Any CPU.Build.0 = Release|Any CPU
	EndGlobalSection
	GlobalSection(SolutionProperties) = preSolution
		HideSolutionNode = FALSE
	EndGlobalSection
	GlobalSection(ExtensibilityGlobals) = postSolution
		SolutionGuid = {CBD964A0-1A0C-4B54-960B-14714A74C208}
	EndGlobalSection
EndGlobal
