
Microsoft Visual Studio Solution File, Format Version 12.00
# Visual Studio Version 16
VisualStudioVersion = 16.0.31702.278
MinimumVisualStudioVersion = 10.0.40219.1
Project("{FAE04EC0-301F-11D3-BF4B-00C04F79EFBC}") = "PigGame", "PigGame\PigGame.csproj", "{80B0546C-BE29-492E-882B-7B666D2B85B5}"
EndProject
Global
	GlobalSection(SolutionConfigurationPlatforms) = preSolution
		Debug|Any CPU = Debug|Any CPU
		Release|Any CPU = Release|Any CPU
	EndGlobalSection
	GlobalSection(ProjectConfigurationPlatforms) = postSolution
		{80B0546C-BE29-492E-882B-7B666D2B85B5}.Debug|Any CPU.ActiveCfg = Debug|Any CPU
		{80B0546C-BE29-492E-882B-7B666D2B85B5}.Debug|Any CPU.Build.0 = Debug|Any CPU
		{80B0546C-BE29-492E-882B-7B666D2B85B5}.Release|Any CPU.ActiveCfg = Release|Any CPU
		{80B0546C-BE29-492E-882B-7B666D2B85B5}.Release|Any CPU.Build.0 = Release|Any CPU
	EndGlobalSection
	GlobalSection(SolutionProperties) = preSolution
		HideSolutionNode = FALSE
	EndGlobalSection
	GlobalSection(ExtensibilityGlobals) = postSolution
		SolutionGuid = {A5130C83-5D3F-4FE4-BDAD-5819390DB70D}
	EndGlobalSection
EndGlobal
