
Microsoft Visual Studio Solution File, Format Version 12.00
# Visual Studio Version 16
VisualStudioVersion = 16.0.31624.102
MinimumVisualStudioVersion = 10.0.40219.1
Project("{FAE04EC0-301F-11D3-BF4B-00C04F79EFBC}") = "DogDoorApp", "DogDoorApp\DogDoorApp.csproj", "{FDAF39CB-84F4-4EAE-B08E-4279C8D77E6D}"
EndProject
Global
	GlobalSection(SolutionConfigurationPlatforms) = preSolution
		Debug|Any CPU = Debug|Any CPU
		Release|Any CPU = Release|Any CPU
	EndGlobalSection
	GlobalSection(ProjectConfigurationPlatforms) = postSolution
		{FDAF39CB-84F4-4EAE-B08E-4279C8D77E6D}.Debug|Any CPU.ActiveCfg = Debug|Any CPU
		{FDAF39CB-84F4-4EAE-B08E-4279C8D77E6D}.Debug|Any CPU.Build.0 = Debug|Any CPU
		{FDAF39CB-84F4-4EAE-B08E-4279C8D77E6D}.Release|Any CPU.ActiveCfg = Release|Any CPU
		{FDAF39CB-84F4-4EAE-B08E-4279C8D77E6D}.Release|Any CPU.Build.0 = Release|Any CPU
	EndGlobalSection
	GlobalSection(SolutionProperties) = preSolution
		HideSolutionNode = FALSE
	EndGlobalSection
	GlobalSection(ExtensibilityGlobals) = postSolution
		SolutionGuid = {E247A652-0BE3-4E4E-BF58-3CBFF9033A96}
	EndGlobalSection
EndGlobal
