
Microsoft Visual Studio Solution File, Format Version 12.00
# Visual Studio Version 16
VisualStudioVersion = 16.0.31729.503
MinimumVisualStudioVersion = 10.0.40219.1
Project("{FAE04EC0-301F-11D3-BF4B-00C04F79EFBC}") = "TicTacToeSln", "TicTacToeSln.csproj", "{4E71015C-1A27-43E3-8F17-8A706F665325}"
EndProject
Project("{FAE04EC0-301F-11D3-BF4B-00C04F79EFBC}") = "TicTacToeCore", "..\TicTacToeCore\TicTacToeCore.csproj", "{9E3BA746-A200-4087-B863-C2CCCC64BCF1}"
EndProject
Project("{FAE04EC0-301F-11D3-BF4B-00C04F79EFBC}") = "TicTacToeCoreTest", "..\TicTacToeCoreTest\TicTacToeCoreTest.csproj", "{4A06A434-2941-4C21-8873-D136C963B8C3}"
EndProject
Global
	GlobalSection(SolutionConfigurationPlatforms) = preSolution
		Debug|Any CPU = Debug|Any CPU
		Release|Any CPU = Release|Any CPU
	EndGlobalSection
	GlobalSection(ProjectConfigurationPlatforms) = postSolution
		{4E71015C-1A27-43E3-8F17-8A706F665325}.Debug|Any CPU.ActiveCfg = Debug|Any CPU
		{4E71015C-1A27-43E3-8F17-8A706F665325}.Debug|Any CPU.Build.0 = Debug|Any CPU
		{4E71015C-1A27-43E3-8F17-8A706F665325}.Release|Any CPU.ActiveCfg = Release|Any CPU
		{4E71015C-1A27-43E3-8F17-8A706F665325}.Release|Any CPU.Build.0 = Release|Any CPU
		{9E3BA746-A200-4087-B863-C2CCCC64BCF1}.Debug|Any CPU.ActiveCfg = Debug|Any CPU
		{9E3BA746-A200-4087-B863-C2CCCC64BCF1}.Debug|Any CPU.Build.0 = Debug|Any CPU
		{9E3BA746-A200-4087-B863-C2CCCC64BCF1}.Release|Any CPU.ActiveCfg = Release|Any CPU
		{9E3BA746-A200-4087-B863-C2CCCC64BCF1}.Release|Any CPU.Build.0 = Release|Any CPU
		{4A06A434-2941-4C21-8873-D136C963B8C3}.Debug|Any CPU.ActiveCfg = Debug|Any CPU
		{4A06A434-2941-4C21-8873-D136C963B8C3}.Debug|Any CPU.Build.0 = Debug|Any CPU
		{4A06A434-2941-4C21-8873-D136C963B8C3}.Release|Any CPU.ActiveCfg = Release|Any CPU
		{4A06A434-2941-4C21-8873-D136C963B8C3}.Release|Any CPU.Build.0 = Release|Any CPU
	EndGlobalSection
	GlobalSection(SolutionProperties) = preSolution
		HideSolutionNode = FALSE
	EndGlobalSection
	GlobalSection(ExtensibilityGlobals) = postSolution
		SolutionGuid = {7566B35A-FB93-4C4D-859C-6A9730971806}
	EndGlobalSection
EndGlobal
