
Microsoft Visual Studio Solution File, Format Version 12.00
# Visual Studio Version 16
VisualStudioVersion = 16.0.31729.503
MinimumVisualStudioVersion = 10.0.40219.1
Project("{FAE04EC0-301F-11D3-BF4B-00C04F79EFBC}") = "InterfaceRace", "InterfaceRace\InterfaceRace.csproj", "{B52233B2-C0DF-47C9-A997-5B452834BC4B}"
EndProject
Global
	GlobalSection(SolutionConfigurationPlatforms) = preSolution
		Debug|Any CPU = Debug|Any CPU
		Release|Any CPU = Release|Any CPU
	EndGlobalSection
	GlobalSection(ProjectConfigurationPlatforms) = postSolution
		{B52233B2-C0DF-47C9-A997-5B452834BC4B}.Debug|Any CPU.ActiveCfg = Debug|Any CPU
		{B52233B2-C0DF-47C9-A997-5B452834BC4B}.Debug|Any CPU.Build.0 = Debug|Any CPU
		{B52233B2-C0DF-47C9-A997-5B452834BC4B}.Release|Any CPU.ActiveCfg = Release|Any CPU
		{B52233B2-C0DF-47C9-A997-5B452834BC4B}.Release|Any CPU.Build.0 = Release|Any CPU
	EndGlobalSection
	GlobalSection(SolutionProperties) = preSolution
		HideSolutionNode = FALSE
	EndGlobalSection
	GlobalSection(ExtensibilityGlobals) = postSolution
		SolutionGuid = {380E2D92-4AF0-4CF4-852A-F503D20AFD88}
	EndGlobalSection
EndGlobal
