
Microsoft Visual Studio Solution File, Format Version 12.00
# Visual Studio Version 16
VisualStudioVersion = 16.0.31729.503
MinimumVisualStudioVersion = 10.0.40219.1
Project("{FAE04EC0-301F-11D3-BF4B-00C04F79EFBC}") = "StringImmutability", "StringImmutability\StringImmutability.csproj", "{99B5AF52-9397-4DD6-9A57-F921F9B21842}"
EndProject
Global
	GlobalSection(SolutionConfigurationPlatforms) = preSolution
		Debug|Any CPU = Debug|Any CPU
		Release|Any CPU = Release|Any CPU
	EndGlobalSection
	GlobalSection(ProjectConfigurationPlatforms) = postSolution
		{99B5AF52-9397-4DD6-9A57-F921F9B21842}.Debug|Any CPU.ActiveCfg = Debug|Any CPU
		{99B5AF52-9397-4DD6-9A57-F921F9B21842}.Debug|Any CPU.Build.0 = Debug|Any CPU
		{99B5AF52-9397-4DD6-9A57-F921F9B21842}.Release|Any CPU.ActiveCfg = Release|Any CPU
		{99B5AF52-9397-4DD6-9A57-F921F9B21842}.Release|Any CPU.Build.0 = Release|Any CPU
	EndGlobalSection
	GlobalSection(SolutionProperties) = preSolution
		HideSolutionNode = FALSE
	EndGlobalSection
	GlobalSection(ExtensibilityGlobals) = postSolution
		SolutionGuid = {A8B3628A-E514-4461-A244-B79EB069043E}
	EndGlobalSection
EndGlobal
