
Microsoft Visual Studio Solution File, Format Version 12.00
# Visual Studio Version 16
VisualStudioVersion = 16.0.31729.503
MinimumVisualStudioVersion = 10.0.40219.1
Project("{FAE04EC0-301F-11D3-BF4B-00C04F79EFBC}") = "SerializeAndDeserialize", "SerializeAndDeserialize\SerializeAndDeserialize.csproj", "{26204B01-7A38-4E60-A377-3546451455AF}"
EndProject
Global
	GlobalSection(SolutionConfigurationPlatforms) = preSolution
		Debug|Any CPU = Debug|Any CPU
		Release|Any CPU = Release|Any CPU
	EndGlobalSection
	GlobalSection(ProjectConfigurationPlatforms) = postSolution
		{26204B01-7A38-4E60-A377-3546451455AF}.Debug|Any CPU.ActiveCfg = Debug|Any CPU
		{26204B01-7A38-4E60-A377-3546451455AF}.Debug|Any CPU.Build.0 = Debug|Any CPU
		{26204B01-7A38-4E60-A377-3546451455AF}.Release|Any CPU.ActiveCfg = Release|Any CPU
		{26204B01-7A38-4E60-A377-3546451455AF}.Release|Any CPU.Build.0 = Release|Any CPU
	EndGlobalSection
	GlobalSection(SolutionProperties) = preSolution
		HideSolutionNode = FALSE
	EndGlobalSection
	GlobalSection(ExtensibilityGlobals) = postSolution
		SolutionGuid = {DBC3B0E3-1163-45BF-A4EC-C5D2EBD3DA03}
	EndGlobalSection
EndGlobal
