
Microsoft Visual Studio Solution File, Format Version 12.00
# Visual Studio Version 16
VisualStudioVersion = 16.0.31613.86
MinimumVisualStudioVersion = 10.0.40219.1
Project("{FAE04EC0-301F-11D3-BF4B-00C04F79EFBC}") = "MathLibrary", "MathLibrary.csproj", "{4547B9F0-778A-4431-809D-3D83A5D01DA9}"
EndProject
Project("{FAE04EC0-301F-11D3-BF4B-00C04F79EFBC}") = "SimpleUnitTest", "..\SimpleUnitTest\SimpleUnitTest.csproj", "{A7B612B3-EB23-4CFE-BB3E-322855EE3A61}"
EndProject
Global
	GlobalSection(SolutionConfigurationPlatforms) = preSolution
		Debug|Any CPU = Debug|Any CPU
		Release|Any CPU = Release|Any CPU
	EndGlobalSection
	GlobalSection(ProjectConfigurationPlatforms) = postSolution
		{4547B9F0-778A-4431-809D-3D83A5D01DA9}.Debug|Any CPU.ActiveCfg = Debug|Any CPU
		{4547B9F0-778A-4431-809D-3D83A5D01DA9}.Debug|Any CPU.Build.0 = Debug|Any CPU
		{4547B9F0-778A-4431-809D-3D83A5D01DA9}.Release|Any CPU.ActiveCfg = Release|Any CPU
		{4547B9F0-778A-4431-809D-3D83A5D01DA9}.Release|Any CPU.Build.0 = Release|Any CPU
		{A7B612B3-EB23-4CFE-BB3E-322855EE3A61}.Debug|Any CPU.ActiveCfg = Debug|Any CPU
		{A7B612B3-EB23-4CFE-BB3E-322855EE3A61}.Debug|Any CPU.Build.0 = Debug|Any CPU
		{A7B612B3-EB23-4CFE-BB3E-322855EE3A61}.Release|Any CPU.ActiveCfg = Release|Any CPU
		{A7B612B3-EB23-4CFE-BB3E-322855EE3A61}.Release|Any CPU.Build.0 = Release|Any CPU
	EndGlobalSection
	GlobalSection(SolutionProperties) = preSolution
		HideSolutionNode = FALSE
	EndGlobalSection
	GlobalSection(ExtensibilityGlobals) = postSolution
		SolutionGuid = {9D25B87C-2147-42AB-B825-74F9D73A625B}
	EndGlobalSection
EndGlobal
