
Microsoft Visual Studio Solution File, Format Version 12.00
# Visual Studio Version 16
VisualStudioVersion = 16.0.31729.503
MinimumVisualStudioVersion = 10.0.40219.1
Project("{FAE04EC0-301F-11D3-BF4B-00C04F79EFBC}") = "HashSetApp", "HashSetApp\HashSetApp.csproj", "{CC190D05-39FB-4345-B4B3-FA8FC8A77B16}"
EndProject
Global
	GlobalSection(SolutionConfigurationPlatforms) = preSolution
		Debug|Any CPU = Debug|Any CPU
		Release|Any CPU = Release|Any CPU
	EndGlobalSection
	GlobalSection(ProjectConfigurationPlatforms) = postSolution
		{CC190D05-39FB-4345-B4B3-FA8FC8A77B16}.Debug|Any CPU.ActiveCfg = Debug|Any CPU
		{CC190D05-39FB-4345-B4B3-FA8FC8A77B16}.Debug|Any CPU.Build.0 = Debug|Any CPU
		{CC190D05-39FB-4345-B4B3-FA8FC8A77B16}.Release|Any CPU.ActiveCfg = Release|Any CPU
		{CC190D05-39FB-4345-B4B3-FA8FC8A77B16}.Release|Any CPU.Build.0 = Release|Any CPU
	EndGlobalSection
	GlobalSection(SolutionProperties) = preSolution
		HideSolutionNode = FALSE
	EndGlobalSection
	GlobalSection(ExtensibilityGlobals) = postSolution
		SolutionGuid = {F69151C5-0720-41B0-98B7-FEB5893D620E}
	EndGlobalSection
EndGlobal
