
Microsoft Visual Studio Solution File, Format Version 12.00
# Visual Studio Version 16
VisualStudioVersion = 16.0.31702.278
MinimumVisualStudioVersion = 10.0.40219.1
Project("{FAE04EC0-301F-11D3-BF4B-00C04F79EFBC}") = "NumberGuessingGame", "NumberGuessingGame\NumberGuessingGame.csproj", "{154A7B08-F73C-4491-84C6-6C487E688D0A}"
EndProject
Global
	GlobalSection(SolutionConfigurationPlatforms) = preSolution
		Debug|Any CPU = Debug|Any CPU
		Release|Any CPU = Release|Any CPU
	EndGlobalSection
	GlobalSection(ProjectConfigurationPlatforms) = postSolution
		{154A7B08-F73C-4491-84C6-6C487E688D0A}.Debug|Any CPU.ActiveCfg = Debug|Any CPU
		{154A7B08-F73C-4491-84C6-6C487E688D0A}.Debug|Any CPU.Build.0 = Debug|Any CPU
		{154A7B08-F73C-4491-84C6-6C487E688D0A}.Release|Any CPU.ActiveCfg = Release|Any CPU
		{154A7B08-F73C-4491-84C6-6C487E688D0A}.Release|Any CPU.Build.0 = Release|Any CPU
	EndGlobalSection
	GlobalSection(SolutionProperties) = preSolution
		HideSolutionNode = FALSE
	EndGlobalSection
	GlobalSection(ExtensibilityGlobals) = postSolution
		SolutionGuid = {506FE8F3-10ED-49E4-8189-AE3345513D46}
	EndGlobalSection
EndGlobal
