
Microsoft Visual Studio Solution File, Format Version 12.00
# Visual Studio Version 16
VisualStudioVersion = 16.0.31729.503
MinimumVisualStudioVersion = 10.0.40219.1
Project("{FAE04EC0-301F-11D3-BF4B-00C04F79EFBC}") = "GenericDictonaryApp2", "GenericDictonaryApp2\GenericDictonaryApp2.csproj", "{F529441E-377A-4D07-BFE4-192028FAE42B}"
EndProject
Global
	GlobalSection(SolutionConfigurationPlatforms) = preSolution
		Debug|Any CPU = Debug|Any CPU
		Release|Any CPU = Release|Any CPU
	EndGlobalSection
	GlobalSection(ProjectConfigurationPlatforms) = postSolution
		{F529441E-377A-4D07-BFE4-192028FAE42B}.Debug|Any CPU.ActiveCfg = Debug|Any CPU
		{F529441E-377A-4D07-BFE4-192028FAE42B}.Debug|Any CPU.Build.0 = Debug|Any CPU
		{F529441E-377A-4D07-BFE4-192028FAE42B}.Release|Any CPU.ActiveCfg = Release|Any CPU
		{F529441E-377A-4D07-BFE4-192028FAE42B}.Release|Any CPU.Build.0 = Release|Any CPU
	EndGlobalSection
	GlobalSection(SolutionProperties) = preSolution
		HideSolutionNode = FALSE
	EndGlobalSection
	GlobalSection(ExtensibilityGlobals) = postSolution
		SolutionGuid = {E3F19FA4-BE55-46D8-B7C8-6AE82F876204}
	EndGlobalSection
EndGlobal
