
Microsoft Visual Studio Solution File, Format Version 12.00
# Visual Studio Version 16
VisualStudioVersion = 16.0.31613.86
MinimumVisualStudioVersion = 10.0.40219.1
Project("{FAE04EC0-301F-11D3-BF4B-00C04F79EFBC}") = "FactoryMethodLib", "FactoryMethodLib\FactoryMethodLib.csproj", "{394EDF0C-AA30-413D-B5CE-C24537B05020}"
EndProject
Project("{FAE04EC0-301F-11D3-BF4B-00C04F79EFBC}") = "FactoryMethodClientApp", "FactoryMethodClientApp\FactoryMethodClientApp.csproj", "{0F443DDF-77EF-4E69-AEAE-7400222C7888}"
EndProject
Global
	GlobalSection(SolutionConfigurationPlatforms) = preSolution
		Debug|Any CPU = Debug|Any CPU
		Release|Any CPU = Release|Any CPU
	EndGlobalSection
	GlobalSection(ProjectConfigurationPlatforms) = postSolution
		{394EDF0C-AA30-413D-B5CE-C24537B05020}.Debug|Any CPU.ActiveCfg = Debug|Any CPU
		{394EDF0C-AA30-413D-B5CE-C24537B05020}.Debug|Any CPU.Build.0 = Debug|Any CPU
		{394EDF0C-AA30-413D-B5CE-C24537B05020}.Release|Any CPU.ActiveCfg = Release|Any CPU
		{394EDF0C-AA30-413D-B5CE-C24537B05020}.Release|Any CPU.Build.0 = Release|Any CPU
		{0F443DDF-77EF-4E69-AEAE-7400222C7888}.Debug|Any CPU.ActiveCfg = Debug|Any CPU
		{0F443DDF-77EF-4E69-AEAE-7400222C7888}.Debug|Any CPU.Build.0 = Debug|Any CPU
		{0F443DDF-77EF-4E69-AEAE-7400222C7888}.Release|Any CPU.ActiveCfg = Release|Any CPU
		{0F443DDF-77EF-4E69-AEAE-7400222C7888}.Release|Any CPU.Build.0 = Release|Any CPU
	EndGlobalSection
	GlobalSection(SolutionProperties) = preSolution
		HideSolutionNode = FALSE
	EndGlobalSection
	GlobalSection(ExtensibilityGlobals) = postSolution
		SolutionGuid = {A367A7AF-CDD0-447F-A502-E64CDE03AD95}
	EndGlobalSection
EndGlobal
