
Microsoft Visual Studio Solution File, Format Version 12.00
# Visual Studio Version 16
VisualStudioVersion = 16.0.31729.503
MinimumVisualStudioVersion = 10.0.40219.1
Project("{FAE04EC0-301F-11D3-BF4B-00C04F79EFBC}") = "CompositePatternSoln", "CompositePatternSoln.csproj", "{CE65CC9F-5CC1-4534-85FE-EDC372B0B8FD}"
EndProject
Global
	GlobalSection(SolutionConfigurationPlatforms) = preSolution
		Debug|Any CPU = Debug|Any CPU
		Release|Any CPU = Release|Any CPU
	EndGlobalSection
	GlobalSection(ProjectConfigurationPlatforms) = postSolution
		{CE65CC9F-5CC1-4534-85FE-EDC372B0B8FD}.Debug|Any CPU.ActiveCfg = Debug|Any CPU
		{CE65CC9F-5CC1-4534-85FE-EDC372B0B8FD}.Debug|Any CPU.Build.0 = Debug|Any CPU
		{CE65CC9F-5CC1-4534-85FE-EDC372B0B8FD}.Release|Any CPU.ActiveCfg = Release|Any CPU
		{CE65CC9F-5CC1-4534-85FE-EDC372B0B8FD}.Release|Any CPU.Build.0 = Release|Any CPU
	EndGlobalSection
	GlobalSection(SolutionProperties) = preSolution
		HideSolutionNode = FALSE
	EndGlobalSection
	GlobalSection(ExtensibilityGlobals) = postSolution
		SolutionGuid = {4B252033-87F6-4A53-90EA-C209168F27B5}
	EndGlobalSection
EndGlobal
